
Microsoft Visual Studio Solution File, Format Version 12.00
# Visual Studio Version 17
VisualStudioVersion = 17.8.34525.116
MinimumVisualStudioVersion = 10.0.40219.1
Project("{9A19103F-16F7-4668-BE54-9A1E7A4F7556}") = "FullStackDataStructureVisualizer.Server", "FullStackDataStructureVisualizer.Server\FullStackDataStructureVisualizer.Server.csproj", "{40666A92-39E0-4002-A601-EF4F299C6A6F}"
EndProject
Project("{54A90642-561A-4BB1-A94E-469ADEE60C69}") = "fullstackdatastructurevisualizer.client", "fullstackdatastructurevisualizer.client\fullstackdatastructurevisualizer.client.esproj", "{57A7DB18-9F5D-462B-8E6A-8C6EC85267B3}"
EndProject
Project("{FAE04EC0-301F-11D3-BF4B-00C04F79EFBC}") = "FullStackDataStructureVisualizer.Tests", "FullStackDataStructureVisualizer.Tests\FullStackDataStructureVisualizer.Tests.csproj", "{5D0A99FA-B2D0-4E9F-93EE-841B5F123199}"
EndProject
Global
	GlobalSection(SolutionConfigurationPlatforms) = preSolution
		Debug|Any CPU = Debug|Any CPU
		Release|Any CPU = Release|Any CPU
	EndGlobalSection
	GlobalSection(ProjectConfigurationPlatforms) = postSolution
		{40666A92-39E0-4002-A601-EF4F299C6A6F}.Debug|Any CPU.ActiveCfg = Debug|Any CPU
		{40666A92-39E0-4002-A601-EF4F299C6A6F}.Debug|Any CPU.Build.0 = Debug|Any CPU
		{40666A92-39E0-4002-A601-EF4F299C6A6F}.Release|Any CPU.ActiveCfg = Release|Any CPU
		{40666A92-39E0-4002-A601-EF4F299C6A6F}.Release|Any CPU.Build.0 = Release|Any CPU
		{57A7DB18-9F5D-462B-8E6A-8C6EC85267B3}.Debug|Any CPU.ActiveCfg = Debug|Any CPU
		{57A7DB18-9F5D-462B-8E6A-8C6EC85267B3}.Debug|Any CPU.Build.0 = Debug|Any CPU
		{57A7DB18-9F5D-462B-8E6A-8C6EC85267B3}.Debug|Any CPU.Deploy.0 = Debug|Any CPU
		{57A7DB18-9F5D-462B-8E6A-8C6EC85267B3}.Release|Any CPU.ActiveCfg = Release|Any CPU
		{57A7DB18-9F5D-462B-8E6A-8C6EC85267B3}.Release|Any CPU.Build.0 = Release|Any CPU
		{57A7DB18-9F5D-462B-8E6A-8C6EC85267B3}.Release|Any CPU.Deploy.0 = Release|Any CPU
		{5D0A99FA-B2D0-4E9F-93EE-841B5F123199}.Debug|Any CPU.ActiveCfg = Debug|Any CPU
		{5D0A99FA-B2D0-4E9F-93EE-841B5F123199}.Debug|Any CPU.Build.0 = Debug|Any CPU
		{5D0A99FA-B2D0-4E9F-93EE-841B5F123199}.Release|Any CPU.ActiveCfg = Release|Any CPU
		{5D0A99FA-B2D0-4E9F-93EE-841B5F123199}.Release|Any CPU.Build.0 = Release|Any CPU
	EndGlobalSection
	GlobalSection(SolutionProperties) = preSolution
		HideSolutionNode = FALSE
	EndGlobalSection
	GlobalSection(ExtensibilityGlobals) = postSolution
		SolutionGuid = {166D1561-5A72-4B1B-86CB-4B37394420B8}
	EndGlobalSection
EndGlobal
